
Microsoft Visual Studio Solution File, Format Version 12.00
# Visual Studio Version 16
VisualStudioVersion = 16.0.30114.105
MinimumVisualStudioVersion = 10.0.40219.1
Project("{FAE04EC0-301F-11D3-BF4B-00C04F79EFBC}") = "BeatBarsGame", "BeatBarsGame.csproj", "{C233CF74-7658-4BBF-81DB-16D8FC32CF2E}"
EndProject
Global
	GlobalSection(SolutionConfigurationPlatforms) = preSolution
		Debug|Any CPU = Debug|Any CPU
		Release|Any CPU = Release|Any CPU
	EndGlobalSection
	GlobalSection(ProjectConfigurationPlatforms) = postSolution
		{C233CF74-7658-4BBF-81DB-16D8FC32CF2E}.Debug|Any CPU.ActiveCfg = Debug|Any CPU
		{C233CF74-7658-4BBF-81DB-16D8FC32CF2E}.Debug|Any CPU.Build.0 = Debug|Any CPU
		{C233CF74-7658-4BBF-81DB-16D8FC32CF2E}.Release|Any CPU.ActiveCfg = Release|Any CPU
		{C233CF74-7658-4BBF-81DB-16D8FC32CF2E}.Release|Any CPU.Build.0 = Release|Any CPU
	EndGlobalSection
	GlobalSection(SolutionProperties) = preSolution
		HideSolutionNode = FALSE
	EndGlobalSection
	GlobalSection(ExtensibilityGlobals) = postSolution
		SolutionGuid = {210F6CDA-6BF2-406E-BB57-7E7635EC2CFD}
	EndGlobalSection
EndGlobal
